// !$*UTF8*$!
{
	archiveVersion = 1;
	classes = {
	};
	objectVersion = 48;
	objects = {

/* Begin PBXBuildFile section */
		146F03A81F909EAB0030BCCA /* SelectTableViewController.swift in Sources */ = {isa = PBXBuildFile; fileRef = 146F03A71F909EAB0030BCCA /* SelectTableViewController.swift */; };
		146F03AA1F919CD50030BCCA /* MainViewController.swift in Sources */ = {isa = PBXBuildFile; fileRef = 146F03A91F919CD50030BCCA /* MainViewController.swift */; };
		14B4D6C51F8DED8400AE1A0C /* AppDelegate.swift in Sources */ = {isa = PBXBuildFile; fileRef = 14B4D6C41F8DED8400AE1A0C /* AppDelegate.swift */; };
		14B4D6C71F8DED8400AE1A0C /* FirstViewController.swift in Sources */ = {isa = PBXBuildFile; fileRef = 14B4D6C61F8DED8400AE1A0C /* FirstViewController.swift */; };
		14B4D6C91F8DED8400AE1A0C /* SecondViewController.swift in Sources */ = {isa = PBXBuildFile; fileRef = 14B4D6C81F8DED8400AE1A0C /* SecondViewController.swift */; };
		14B4D6CC1F8DED8400AE1A0C /* Main.storyboard in Resources */ = {isa = PBXBuildFile; fileRef = 14B4D6CA1F8DED8400AE1A0C /* Main.storyboard */; };
		14B4D6CE1F8DED8400AE1A0C /* Assets.xcassets in Resources */ = {isa = PBXBuildFile; fileRef = 14B4D6CD1F8DED8400AE1A0C /* Assets.xcassets */; };
		14B4D6D11F8DED8400AE1A0C /* LaunchScreen.storyboard in Resources */ = {isa = PBXBuildFile; fileRef = 14B4D6CF1F8DED8400AE1A0C /* LaunchScreen.storyboard */; };
		14B4D6D91F8DEFA600AE1A0C /* Inceptionv3.mlmodel in Sources */ = {isa = PBXBuildFile; fileRef = 14B4D6D81F8DEF9F00AE1A0C /* Inceptionv3.mlmodel */; };
		14B4D6DB1F8DFEB400AE1A0C /* CollectionViewCell.swift in Sources */ = {isa = PBXBuildFile; fileRef = 14B4D6DA1F8DFEB300AE1A0C /* CollectionViewCell.swift */; };
		AAF7EA8FD09969546DB3B4D3 /* Pods_tabbedApp.framework in Frameworks */ = {isa = PBXBuildFile; fileRef = DB5A9DCE9383C7CF45CDA36B /* Pods_tabbedApp.framework */; };
/* End PBXBuildFile section */

/* Begin PBXFileReference section */
		146F03A71F909EAB0030BCCA /* SelectTableViewController.swift */ = {isa = PBXFileReference; lastKnownFileType = sourcecode.swift; path = SelectTableViewController.swift; sourceTree = "<group>"; };
		146F03A91F919CD50030BCCA /* MainViewController.swift */ = {isa = PBXFileReference; lastKnownFileType = sourcecode.swift; path = MainViewController.swift; sourceTree = "<group>"; };
		14B4D6C11F8DED8300AE1A0C /* tabbedApp.app */ = {isa = PBXFileReference; explicitFileType = wrapper.application; includeInIndex = 0; path = tabbedApp.app; sourceTree = BUILT_PRODUCTS_DIR; };
		14B4D6C41F8DED8400AE1A0C /* AppDelegate.swift */ = {isa = PBXFileReference; lastKnownFileType = sourcecode.swift; path = AppDelegate.swift; sourceTree = "<group>"; };
		14B4D6C61F8DED8400AE1A0C /* FirstViewController.swift */ = {isa = PBXFileReference; lastKnownFileType = sourcecode.swift; path = FirstViewController.swift; sourceTree = "<group>"; };
		14B4D6C81F8DED8400AE1A0C /* SecondViewController.swift */ = {isa = PBXFileReference; lastKnownFileType = sourcecode.swift; path = SecondViewController.swift; sourceTree = "<group>"; };
		14B4D6CB1F8DED8400AE1A0C /* Base */ = {isa = PBXFileReference; lastKnownFileType = file.storyboard; name = Base; path = Base.lproj/Main.storyboard; sourceTree = "<group>"; };
		14B4D6CD1F8DED8400AE1A0C /* Assets.xcassets */ = {isa = PBXFileReference; lastKnownFileType = folder.assetcatalog; path = Assets.xcassets; sourceTree = "<group>"; };
		14B4D6D01F8DED8400AE1A0C /* Base */ = {isa = PBXFileReference; lastKnownFileType = file.storyboard; name = Base; path = Base.lproj/LaunchScreen.storyboard; sourceTree = "<group>"; };
		14B4D6D21F8DED8400AE1A0C /* Info.plist */ = {isa = PBXFileReference; lastKnownFileType = text.plist.xml; path = Info.plist; sourceTree = "<group>"; };
		14B4D6D81F8DEF9F00AE1A0C /* Inceptionv3.mlmodel */ = {isa = PBXFileReference; lastKnownFileType = file.mlmodel; path = Inceptionv3.mlmodel; sourceTree = SOURCE_ROOT; };
		14B4D6DA1F8DFEB300AE1A0C /* CollectionViewCell.swift */ = {isa = PBXFileReference; lastKnownFileType = sourcecode.swift; path = CollectionViewCell.swift; sourceTree = "<group>"; };
		D4BD844B835466C887EBFAF4 /* Pods-tabbedApp.debug.xcconfig */ = {isa = PBXFileReference; includeInIndex = 1; lastKnownFileType = text.xcconfig; name = "Pods-tabbedApp.debug.xcconfig"; path = "Pods/Target Support Files/Pods-tabbedApp/Pods-tabbedApp.debug.xcconfig"; sourceTree = "<group>"; };
		DB5A9DCE9383C7CF45CDA36B /* Pods_tabbedApp.framework */ = {isa = PBXFileReference; explicitFileType = wrapper.framework; includeInIndex = 0; path = Pods_tabbedApp.framework; sourceTree = BUILT_PRODUCTS_DIR; };
		E896EF7CEA0C1ED590393B28 /* Pods-tabbedApp.release.xcconfig */ = {isa = PBXFileReference; includeInIndex = 1; lastKnownFileType = text.xcconfig; name = "Pods-tabbedApp.release.xcconfig"; path = "Pods/Target Support Files/Pods-tabbedApp/Pods-tabbedApp.release.xcconfig"; sourceTree = "<group>"; };
/* End PBXFileReference section */

/* Begin PBXFrameworksBuildPhase section */
		14B4D6BE1F8DED8300AE1A0C /* Frameworks */ = {
			isa = PBXFrameworksBuildPhase;
			buildActionMask = 2147483647;
			files = (
				AAF7EA8FD09969546DB3B4D3 /* Pods_tabbedApp.framework in Frameworks */,
			);
			runOnlyForDeploymentPostprocessing = 0;
		};
/* End PBXFrameworksBuildPhase section */

/* Begin PBXGroup section */
		14B4D6B81F8DED8300AE1A0C = {
			isa = PBXGroup;
			children = (
				14B4D6C31F8DED8300AE1A0C /* tabbedApp */,
				14B4D6C21F8DED8300AE1A0C /* Products */,
				3D1D440A80E8163A1D32314E /* Pods */,
				9179716A007A8269A7D26D1B /* Frameworks */,
			);
			sourceTree = "<group>";
		};
		14B4D6C21F8DED8300AE1A0C /* Products */ = {
			isa = PBXGroup;
			children = (
				14B4D6C11F8DED8300AE1A0C /* tabbedApp.app */,
			);
			name = Products;
			sourceTree = "<group>";
		};
		14B4D6C31F8DED8300AE1A0C /* tabbedApp */ = {
			isa = PBXGroup;
			children = (
				14B4D6D81F8DEF9F00AE1A0C /* Inceptionv3.mlmodel */,
				14B4D6C41F8DED8400AE1A0C /* AppDelegate.swift */,
				14B4D6C61F8DED8400AE1A0C /* FirstViewController.swift */,
				14B4D6C81F8DED8400AE1A0C /* SecondViewController.swift */,
				14B4D6DA1F8DFEB300AE1A0C /* CollectionViewCell.swift */,
				146F03A91F919CD50030BCCA /* MainViewController.swift */,
				146F03A71F909EAB0030BCCA /* SelectTableViewController.swift */,
				14B4D6CA1F8DED8400AE1A0C /* Main.storyboard */,
				14B4D6CD1F8DED8400AE1A0C /* Assets.xcassets */,
				14B4D6CF1F8DED8400AE1A0C /* LaunchScreen.storyboard */,
				14B4D6D21F8DED8400AE1A0C /* Info.plist */,
			);
			path = tabbedApp;
			sourceTree = "<group>";
		};
		3D1D440A80E8163A1D32314E /* Pods */ = {
			isa = PBXGroup;
			children = (
				D4BD844B835466C887EBFAF4 /* Pods-tabbedApp.debug.xcconfig */,
				E896EF7CEA0C1ED590393B28 /* Pods-tabbedApp.release.xcconfig */,
			);
			name = Pods;
			sourceTree = "<group>";
		};
		9179716A007A8269A7D26D1B /* Frameworks */ = {
			isa = PBXGroup;
			children = (
				DB5A9DCE9383C7CF45CDA36B /* Pods_tabbedApp.framework */,
			);
			name = Frameworks;
			sourceTree = "<group>";
		};
/* End PBXGroup section */

/* Begin PBXNativeTarget section */
		14B4D6C01F8DED8300AE1A0C /* tabbedApp */ = {
			isa = PBXNativeTarget;
			buildConfigurationList = 14B4D6D51F8DED8400AE1A0C /* Build configuration list for PBXNativeTarget "tabbedApp" */;
			buildPhases = (
				108C8D8B85626EDA9D11D2DB /* [CP] Check Pods Manifest.lock */,
				14B4D6BD1F8DED8300AE1A0C /* Sources */,
				14B4D6BE1F8DED8300AE1A0C /* Frameworks */,
				14B4D6BF1F8DED8300AE1A0C /* Resources */,
				D153EDCE70A05487365C5B38 /* [CP] Embed Pods Frameworks */,
				A6A14EC1195C562E65A863BD /* [CP] Copy Pods Resources */,
			);
			buildRules = (
			);
			dependencies = (
			);
			name = tabbedApp;
			productName = tabbedApp;
			productReference = 14B4D6C11F8DED8300AE1A0C /* tabbedApp.app */;
			productType = "com.apple.product-type.application";
		};
/* End PBXNativeTarget section */

/* Begin PBXProject section */
		14B4D6B91F8DED8300AE1A0C /* Project object */ = {
			isa = PBXProject;
			attributes = {
				LastSwiftUpdateCheck = 0900;
				LastUpgradeCheck = 0900;
				ORGANIZATIONNAME = wsq;
				TargetAttributes = {
					14B4D6C01F8DED8300AE1A0C = {
						CreatedOnToolsVersion = 9.0;
						ProvisioningStyle = Automatic;
					};
				};
			};
			buildConfigurationList = 14B4D6BC1F8DED8300AE1A0C /* Build configuration list for PBXProject "tabbedApp" */;
			compatibilityVersion = "Xcode 8.0";
			developmentRegion = en;
			hasScannedForEncodings = 0;
			knownRegions = (
				en,
				Base,
			);
			mainGroup = 14B4D6B81F8DED8300AE1A0C;
			productRefGroup = 14B4D6C21F8DED8300AE1A0C /* Products */;
			projectDirPath = "";
			projectRoot = "";
			targets = (
				14B4D6C01F8DED8300AE1A0C /* tabbedApp */,
			);
		};
/* End PBXProject section */

/* Begin PBXResourcesBuildPhase section */
		14B4D6BF1F8DED8300AE1A0C /* Resources */ = {
			isa = PBXResourcesBuildPhase;
			buildActionMask = 2147483647;
			files = (
				14B4D6D11F8DED8400AE1A0C /* LaunchScreen.storyboard in Resources */,
				14B4D6CE1F8DED8400AE1A0C /* Assets.xcassets in Resources */,
				14B4D6CC1F8DED8400AE1A0C /* Main.storyboard in Resources */,
			);
			runOnlyForDeploymentPostprocessing = 0;
		};
/* End PBXResourcesBuildPhase section */

/* Begin PBXShellScriptBuildPhase section */
		108C8D8B85626EDA9D11D2DB /* [CP] Check Pods Manifest.lock */ = {
			isa = PBXShellScriptBuildPhase;
			buildActionMask = 2147483647;
			files = (
			);
			inputPaths = (
				"${PODS_PODFILE_DIR_PATH}/Podfile.lock",
				"${PODS_ROOT}/Manifest.lock",
			);
			name = "[CP] Check Pods Manifest.lock";
			outputPaths = (
				"$(DERIVED_FILE_DIR)/Pods-tabbedApp-checkManifestLockResult.txt",
			);
			runOnlyForDeploymentPostprocessing = 0;
			shellPath = /bin/sh;
			shellScript = "diff \"${PODS_PODFILE_DIR_PATH}/Podfile.lock\" \"${PODS_ROOT}/Manifest.lock\" > /dev/null\nif [ $? != 0 ] ; then\n    # print error to STDERR\n    echo \"error: The sandbox is not in sync with the Podfile.lock. Run 'pod install' or update your CocoaPods installation.\" >&2\n    exit 1\nfi\n# This output is used by Xcode 'outputs' to avoid re-running this script phase.\necho \"SUCCESS\" > \"${SCRIPT_OUTPUT_FILE_0}\"\n";
			showEnvVarsInLog = 0;
		};
		A6A14EC1195C562E65A863BD /* [CP] Copy Pods Resources */ = {
			isa = PBXShellScriptBuildPhase;
			buildActionMask = 2147483647;
			files = (
			);
			inputPaths = (
			);
			name = "[CP] Copy Pods Resources";
			outputPaths = (
			);
			runOnlyForDeploymentPostprocessing = 0;
			shellPath = /bin/sh;
			shellScript = "\"${SRCROOT}/Pods/Target Support Files/Pods-tabbedApp/Pods-tabbedApp-resources.sh\"\n";
			showEnvVarsInLog = 0;
		};
		D153EDCE70A05487365C5B38 /* [CP] Embed Pods Frameworks */ = {
			isa = PBXShellScriptBuildPhase;
			buildActionMask = 2147483647;
			files = (
			);
			inputPaths = (
				"${SRCROOT}/Pods/Target Support Files/Pods-tabbedApp/Pods-tabbedApp-frameworks.sh",
				"${BUILT_PRODUCTS_DIR}/Charts/Charts.framework",
			);
			name = "[CP] Embed Pods Frameworks";
			outputPaths = (
				"${TARGET_BUILD_DIR}/${FRAMEWORKS_FOLDER_PATH}/Charts.framework",
			);
			runOnlyForDeploymentPostprocessing = 0;
			shellPath = /bin/sh;
			shellScript = "\"${SRCROOT}/Pods/Target Support Files/Pods-tabbedApp/Pods-tabbedApp-frameworks.sh\"\n";
			showEnvVarsInLog = 0;
		};
/* End PBXShellScriptBuildPhase section */

/* Begin PBXSourcesBuildPhase section */
		14B4D6BD1F8DED8300AE1A0C /* Sources */ = {
			isa = PBXSourcesBuildPhase;
			buildActionMask = 2147483647;
			files = (
				146F03AA1F919CD50030BCCA /* MainViewController.swift in Sources */,
				14B4D6DB1F8DFEB400AE1A0C /* CollectionViewCell.swift in Sources */,
				14B4D6C91F8DED8400AE1A0C /* SecondViewController.swift in Sources */,
				14B4D6D91F8DEFA600AE1A0C /* Inceptionv3.mlmodel in Sources */,
				14B4D6C51F8DED8400AE1A0C /* AppDelegate.swift in Sources */,
				14B4D6C71F8DED8400AE1A0C /* FirstViewController.swift in Sources */,
				146F03A81F909EAB0030BCCA /* SelectTableViewController.swift in Sources */,
			);
			runOnlyForDeploymentPostprocessing = 0;
		};
/* End PBXSourcesBuildPhase section */

/* Begin PBXVariantGroup section */
		14B4D6CA1F8DED8400AE1A0C /* Main.storyboard */ = {
			isa = PBXVariantGroup;
			children = (
				14B4D6CB1F8DED8400AE1A0C /* Base */,
			);
			name = Main.storyboard;
			sourceTree = "<group>";
		};
		14B4D6CF1F8DED8400AE1A0C /* LaunchScreen.storyboard */ = {
			isa = PBXVariantGroup;
			children = (
				14B4D6D01F8DED8400AE1A0C /* Base */,
			);
			name = LaunchScreen.storyboard;
			sourceTree = "<group>";
		};
/* End PBXVariantGroup section */

/* Begin XCBuildConfiguration section */
		14B4D6D31F8DED8400AE1A0C /* Debug */ = {
			isa = XCBuildConfiguration;
			buildSettings = {
				ALWAYS_SEARCH_USER_PATHS = NO;
				CLANG_ANALYZER_NONNULL = YES;
				CLANG_ANALYZER_NUMBER_OBJECT_CONVERSION = YES_AGGRESSIVE;
				CLANG_CXX_LANGUAGE_STANDARD = "gnu++14";
				CLANG_CXX_LIBRARY = "libc++";
				CLANG_ENABLE_MODULES = YES;
				CLANG_ENABLE_OBJC_ARC = YES;
				CLANG_WARN_BLOCK_CAPTURE_AUTORELEASING = YES;
				CLANG_WARN_BOOL_CONVERSION = YES;
				CLANG_WARN_COMMA = YES;
				CLANG_WARN_CONSTANT_CONVERSION = YES;
				CLANG_WARN_DIRECT_OBJC_ISA_USAGE = YES_ERROR;
				CLANG_WARN_DOCUMENTATION_COMMENTS = YES;
				CLANG_WARN_EMPTY_BODY = YES;
				CLANG_WARN_ENUM_CONVERSION = YES;
				CLANG_WARN_INFINITE_RECURSION = YES;
				CLANG_WARN_INT_CONVERSION = YES;
				CLANG_WARN_NON_LITERAL_NULL_CONVERSION = YES;
				CLANG_WARN_OBJC_LITERAL_CONVERSION = YES;
				CLANG_WARN_OBJC_ROOT_CLASS = YES_ERROR;
				CLANG_WARN_RANGE_LOOP_ANALYSIS = YES;
				CLANG_WARN_STRICT_PROTOTYPES = YES;
				CLANG_WARN_SUSPICIOUS_MOVE = YES;
				CLANG_WARN_UNGUARDED_AVAILABILITY = YES_AGGRESSIVE;
				CLANG_WARN_UNREACHABLE_CODE = YES;
				CLANG_WARN__DUPLICATE_METHOD_MATCH = YES;
				CODE_SIGN_IDENTITY = "iPhone Developer";
				COPY_PHASE_STRIP = NO;
				DEBUG_INFORMATION_FORMAT = dwarf;
				ENABLE_STRICT_OBJC_MSGSEND = YES;
				ENABLE_TESTABILITY = YES;
				GCC_C_LANGUAGE_STANDARD = gnu11;
				GCC_DYNAMIC_NO_PIC = NO;
				GCC_NO_COMMON_BLOCKS = YES;
				GCC_OPTIMIZATION_LEVEL = 0;
				GCC_PREPROCESSOR_DEFINITIONS = (
					"DEBUG=1",
					"$(inherited)",
				);
				GCC_WARN_64_TO_32_BIT_CONVERSION = YES;
				GCC_WARN_ABOUT_RETURN_TYPE = YES_ERROR;
				GCC_WARN_UNDECLARED_SELECTOR = YES;
				GCC_WARN_UNINITIALIZED_AUTOS = YES_AGGRESSIVE;
				GCC_WARN_UNUSED_FUNCTION = YES;
				GCC_WARN_UNUSED_VARIABLE = YES;
				IPHONEOS_DEPLOYMENT_TARGET = 11.0;
				MTL_ENABLE_DEBUG_INFO = YES;
				ONLY_ACTIVE_ARCH = YES;
				SDKROOT = iphoneos;
				SWIFT_ACTIVE_COMPILATION_CONDITIONS = DEBUG;
				SWIFT_OPTIMIZATION_LEVEL = "-Onone";
			};
			name = Debug;
		};
		14B4D6D41F8DED8400AE1A0C /* Release */ = {
			isa = XCBuildConfiguration;
			buildSettings = {
				ALWAYS_SEARCH_USER_PATHS = NO;
				CLANG_ANALYZER_NONNULL = YES;
				CLANG_ANALYZER_NUMBER_OBJECT_CONVERSION = YES_AGGRESSIVE;
				CLANG_CXX_LANGUAGE_STANDARD = "gnu++14";
				CLANG_CXX_LIBRARY = "libc++";
				CLANG_ENABLE_MODULES = YES;
				CLANG_ENABLE_OBJC_ARC = YES;
				CLANG_WARN_BLOCK_CAPTURE_AUTORELEASING = YES;
				CLANG_WARN_BOOL_CONVERSION = YES;
				CLANG_WARN_COMMA = YES;
				CLANG_WARN_CONSTANT_CONVERSION = YES;
				CLANG_WARN_DIRECT_OBJC_ISA_USAGE = YES_ERROR;
				CLANG_WARN_DOCUMENTATION_COMMENTS = YES;
				CLANG_WARN_EMPTY_BODY = YES;
				CLANG_WARN_ENUM_CONVERSION = YES;
				CLANG_WARN_INFINITE_RECURSION = YES;
				CLANG_WARN_INT_CONVERSION = YES;
				CLANG_WARN_NON_LITERAL_NULL_CONVERSION = YES;
				CLANG_WARN_OBJC_LITERAL_CONVERSION = YES;
				CLANG_WARN_OBJC_ROOT_CLASS = YES_ERROR;
				CLANG_WARN_RANGE_LOOP_ANALYSIS = YES;
				CLANG_WARN_STRICT_PROTOTYPES = YES;
				CLANG_WARN_SUSPICIOUS_MOVE = YES;
				CLANG_WARN_UNGUARDED_AVAILABILITY = YES_AGGRESSIVE;
				CLANG_WARN_UNREACHABLE_CODE = YES;
				CLANG_WARN__DUPLICATE_METHOD_MATCH = YES;
				CODE_SIGN_IDENTITY = "iPhone Developer";
				COPY_PHASE_STRIP = NO;
				DEBUG_INFORMATION_FORMAT = "dwarf-with-dsym";
				ENABLE_NS_ASSERTIONS = NO;
				ENABLE_STRICT_OBJC_MSGSEND = YES;
				GCC_C_LANGUAGE_STANDARD = gnu11;
				GCC_NO_COMMON_BLOCKS = YES;
				GCC_WARN_64_TO_32_BIT_CONVERSION = YES;
				GCC_WARN_ABOUT_RETURN_TYPE = YES_ERROR;
				GCC_WARN_UNDECLARED_SELECTOR = YES;
				GCC_WARN_UNINITIALIZED_AUTOS = YES_AGGRESSIVE;
				GCC_WARN_UNUSED_FUNCTION = YES;
				GCC_WARN_UNUSED_VARIABLE = YES;
				IPHONEOS_DEPLOYMENT_TARGET = 11.0;
				MTL_ENABLE_DEBUG_INFO = NO;
				SDKROOT = iphoneos;
				SWIFT_OPTIMIZATION_LEVEL = "-Owholemodule";
				VALIDATE_PRODUCT = YES;
			};
			name = Release;
		};
		14B4D6D61F8DED8400AE1A0C /* Debug */ = {
			isa = XCBuildConfiguration;
			baseConfigurationReference = D4BD844B835466C887EBFAF4 /* Pods-tabbedApp.debug.xcconfig */;
			buildSettings = {
				ASSETCATALOG_COMPILER_APPICON_NAME = AppIcon;
				CODE_SIGN_STYLE = Automatic;
				DEVELOPMENT_TEAM = 9W4FKC2WE8;
				INFOPLIST_FILE = tabbedApp/Info.plist;
				LD_RUNPATH_SEARCH_PATHS = "$(inherited) @executable_path/Frameworks";
				PRODUCT_BUNDLE_IDENTIFIER = www.tabbedApp;
				PRODUCT_NAME = "$(TARGET_NAME)";
				SWIFT_VERSION = 4.0;
				TARGETED_DEVICE_FAMILY = "1,2";
			};
			name = Debug;
		};
		14B4D6D71F8DED8400AE1A0C /* Release */ = {
			isa = XCBuildConfiguration;
			baseConfigurationReference = E896EF7CEA0C1ED590393B28 /* Pods-tabbedApp.release.xcconfig */;
			buildSettings = {
				ASSETCATALOG_COMPILER_APPICON_NAME = AppIcon;
				CODE_SIGN_STYLE = Automatic;
				DEVELOPMENT_TEAM = 9W4FKC2WE8;
				INFOPLIST_FILE = tabbedApp/Info.plist;
				LD_RUNPATH_SEARCH_PATHS = "$(inherited) @executable_path/Frameworks";
				PRODUCT_BUNDLE_IDENTIFIER = www.tabbedApp;
				PRODUCT_NAME = "$(TARGET_NAME)";
				SWIFT_VERSION = 4.0;
				TARGETED_DEVICE_FAMILY = "1,2";
			};
			name = Release;
		};
/* End XCBuildConfiguration section */

/* Begin XCConfigurationList section */
		14B4D6BC1F8DED8300AE1A0C /* Build configuration list for PBXProject "tabbedApp" */ = {
			isa = XCConfigurationList;
			buildConfigurations = (
				14B4D6D31F8DED8400AE1A0C /* Debug */,
				14B4D6D41F8DED8400AE1A0C /* Release */,
			);
			defaultConfigurationIsVisible = 0;
			defaultConfigurationName = Release;
		};
		14B4D6D51F8DED8400AE1A0C /* Build configuration list for PBXNativeTarget "tabbedApp" */ = {
			isa = XCConfigurationList;
			buildConfigurations = (
				14B4D6D61F8DED8400AE1A0C /* Debug */,
				14B4D6D71F8DED8400AE1A0C /* Release */,
			);
			defaultConfigurationIsVisible = 0;
			defaultConfigurationName = Release;
		};
/* End XCConfigurationList section */
	};
	rootObject = 14B4D6B91F8DED8300AE1A0C /* Project object */;
}
