// !$*UTF8*$!
{
	archiveVersion = 1;
	classes = {
	};
	objectVersion = 48;
	objects = {

/* Begin PBXBuildFile section */
		1445BB521F977DEB00501FA5 /* AppDelegate.swift in Sources */ = {isa = PBXBuildFile; fileRef = 1445BB511F977DEB00501FA5 /* AppDelegate.swift */; };
		1445BB541F977DEB00501FA5 /* TodayDataViewController.swift in Sources */ = {isa = PBXBuildFile; fileRef = 1445BB531F977DEB00501FA5 /* TodayDataViewController.swift */; };
		1445BB561F977DEB00501FA5 /* HistoryDataViewController.swift in Sources */ = {isa = PBXBuildFile; fileRef = 1445BB551F977DEB00501FA5 /* HistoryDataViewController.swift */; };
		1445BB591F977DEB00501FA5 /* Main.storyboard in Resources */ = {isa = PBXBuildFile; fileRef = 1445BB571F977DEB00501FA5 /* Main.storyboard */; };
		1445BB5B1F977DEB00501FA5 /* Assets.xcassets in Resources */ = {isa = PBXBuildFile; fileRef = 1445BB5A1F977DEB00501FA5 /* Assets.xcassets */; };
		1445BB5E1F977DEB00501FA5 /* LaunchScreen.storyboard in Resources */ = {isa = PBXBuildFile; fileRef = 1445BB5C1F977DEB00501FA5 /* LaunchScreen.storyboard */; };
		1445BB671F978FD700501FA5 /* DataBrian.swift in Sources */ = {isa = PBXBuildFile; fileRef = 1445BB661F978FD700501FA5 /* DataBrian.swift */; };
		1445BB691F9857AA00501FA5 /* CameraViewController.swift in Sources */ = {isa = PBXBuildFile; fileRef = 1445BB681F9857AA00501FA5 /* CameraViewController.swift */; };
		149046BB1F9AE6FE006128FC /* TodayFoodListViewController.swift in Sources */ = {isa = PBXBuildFile; fileRef = 149046BA1F9AE6FE006128FC /* TodayFoodListViewController.swift */; };
		92781AD3A01FDCCD65DEBD06 /* Pods_EasyHealthyFood.framework in Frameworks */ = {isa = PBXBuildFile; fileRef = B53ABCC93EF88C6F5A0A3FF5 /* Pods_EasyHealthyFood.framework */; };
/* End PBXBuildFile section */

/* Begin PBXFileReference section */
		1445BB4E1F977DEB00501FA5 /* EasyHealthyFood.app */ = {isa = PBXFileReference; explicitFileType = wrapper.application; includeInIndex = 0; path = EasyHealthyFood.app; sourceTree = BUILT_PRODUCTS_DIR; };
		1445BB511F977DEB00501FA5 /* AppDelegate.swift */ = {isa = PBXFileReference; lastKnownFileType = sourcecode.swift; path = AppDelegate.swift; sourceTree = "<group>"; };
		1445BB531F977DEB00501FA5 /* TodayDataViewController.swift */ = {isa = PBXFileReference; lastKnownFileType = sourcecode.swift; path = TodayDataViewController.swift; sourceTree = "<group>"; };
		1445BB551F977DEB00501FA5 /* HistoryDataViewController.swift */ = {isa = PBXFileReference; lastKnownFileType = sourcecode.swift; path = HistoryDataViewController.swift; sourceTree = "<group>"; };
		1445BB581F977DEB00501FA5 /* Base */ = {isa = PBXFileReference; lastKnownFileType = file.storyboard; name = Base; path = Base.lproj/Main.storyboard; sourceTree = "<group>"; };
		1445BB5A1F977DEB00501FA5 /* Assets.xcassets */ = {isa = PBXFileReference; lastKnownFileType = folder.assetcatalog; path = Assets.xcassets; sourceTree = "<group>"; };
		1445BB5D1F977DEB00501FA5 /* Base */ = {isa = PBXFileReference; lastKnownFileType = file.storyboard; name = Base; path = Base.lproj/LaunchScreen.storyboard; sourceTree = "<group>"; };
		1445BB5F1F977DEB00501FA5 /* Info.plist */ = {isa = PBXFileReference; lastKnownFileType = text.plist.xml; path = Info.plist; sourceTree = "<group>"; };
		1445BB661F978FD700501FA5 /* DataBrian.swift */ = {isa = PBXFileReference; lastKnownFileType = sourcecode.swift; path = DataBrian.swift; sourceTree = "<group>"; };
		1445BB681F9857AA00501FA5 /* CameraViewController.swift */ = {isa = PBXFileReference; lastKnownFileType = sourcecode.swift; path = CameraViewController.swift; sourceTree = "<group>"; };
		149046BA1F9AE6FE006128FC /* TodayFoodListViewController.swift */ = {isa = PBXFileReference; lastKnownFileType = sourcecode.swift; path = TodayFoodListViewController.swift; sourceTree = "<group>"; };
		6A0D9A3C93BDE9A8CC976C54 /* Pods-EasyHealthyFood.release.xcconfig */ = {isa = PBXFileReference; includeInIndex = 1; lastKnownFileType = text.xcconfig; name = "Pods-EasyHealthyFood.release.xcconfig"; path = "Pods/Target Support Files/Pods-EasyHealthyFood/Pods-EasyHealthyFood.release.xcconfig"; sourceTree = "<group>"; };
		B53ABCC93EF88C6F5A0A3FF5 /* Pods_EasyHealthyFood.framework */ = {isa = PBXFileReference; explicitFileType = wrapper.framework; includeInIndex = 0; path = Pods_EasyHealthyFood.framework; sourceTree = BUILT_PRODUCTS_DIR; };
		E9F6629F3BB0BCE65083CC8E /* Pods-EasyHealthyFood.debug.xcconfig */ = {isa = PBXFileReference; includeInIndex = 1; lastKnownFileType = text.xcconfig; name = "Pods-EasyHealthyFood.debug.xcconfig"; path = "Pods/Target Support Files/Pods-EasyHealthyFood/Pods-EasyHealthyFood.debug.xcconfig"; sourceTree = "<group>"; };
/* End PBXFileReference section */

/* Begin PBXFrameworksBuildPhase section */
		1445BB4B1F977DEB00501FA5 /* Frameworks */ = {
			isa = PBXFrameworksBuildPhase;
			buildActionMask = 2147483647;
			files = (
				92781AD3A01FDCCD65DEBD06 /* Pods_EasyHealthyFood.framework in Frameworks */,
			);
			runOnlyForDeploymentPostprocessing = 0;
		};
/* End PBXFrameworksBuildPhase section */

/* Begin PBXGroup section */
		1445BB451F977DEB00501FA5 = {
			isa = PBXGroup;
			children = (
				1445BB501F977DEB00501FA5 /* EasyHealthyFood */,
				1445BB4F1F977DEB00501FA5 /* Products */,
				E09D13854ACDAE5B47B9066A /* Pods */,
				D4CF745BBFE81943F1CC1225 /* Frameworks */,
			);
			sourceTree = "<group>";
		};
		1445BB4F1F977DEB00501FA5 /* Products */ = {
			isa = PBXGroup;
			children = (
				1445BB4E1F977DEB00501FA5 /* EasyHealthyFood.app */,
			);
			name = Products;
			sourceTree = "<group>";
		};
		1445BB501F977DEB00501FA5 /* EasyHealthyFood */ = {
			isa = PBXGroup;
			children = (
				1445BB531F977DEB00501FA5 /* TodayDataViewController.swift */,
				1445BB551F977DEB00501FA5 /* HistoryDataViewController.swift */,
				1445BB571F977DEB00501FA5 /* Main.storyboard */,
				1445BB5F1F977DEB00501FA5 /* Info.plist */,
				1445BB681F9857AA00501FA5 /* CameraViewController.swift */,
				1445BB661F978FD700501FA5 /* DataBrian.swift */,
				149046BA1F9AE6FE006128FC /* TodayFoodListViewController.swift */,
				1445BB651F9782A700501FA5 /* Supporting Files */,
			);
			path = EasyHealthyFood;
			sourceTree = "<group>";
		};
		1445BB651F9782A700501FA5 /* Supporting Files */ = {
			isa = PBXGroup;
			children = (
				1445BB5A1F977DEB00501FA5 /* Assets.xcassets */,
				1445BB511F977DEB00501FA5 /* AppDelegate.swift */,
				1445BB5C1F977DEB00501FA5 /* LaunchScreen.storyboard */,
			);
			path = "Supporting Files";
			sourceTree = "<group>";
		};
		D4CF745BBFE81943F1CC1225 /* Frameworks */ = {
			isa = PBXGroup;
			children = (
				B53ABCC93EF88C6F5A0A3FF5 /* Pods_EasyHealthyFood.framework */,
			);
			name = Frameworks;
			sourceTree = "<group>";
		};
		E09D13854ACDAE5B47B9066A /* Pods */ = {
			isa = PBXGroup;
			children = (
				E9F6629F3BB0BCE65083CC8E /* Pods-EasyHealthyFood.debug.xcconfig */,
				6A0D9A3C93BDE9A8CC976C54 /* Pods-EasyHealthyFood.release.xcconfig */,
			);
			name = Pods;
			sourceTree = "<group>";
		};
/* End PBXGroup section */

/* Begin PBXNativeTarget section */
		1445BB4D1F977DEB00501FA5 /* EasyHealthyFood */ = {
			isa = PBXNativeTarget;
			buildConfigurationList = 1445BB621F977DEB00501FA5 /* Build configuration list for PBXNativeTarget "EasyHealthyFood" */;
			buildPhases = (
				3155633E1C5410544B8DB67D /* [CP] Check Pods Manifest.lock */,
				1445BB4A1F977DEB00501FA5 /* Sources */,
				1445BB4B1F977DEB00501FA5 /* Frameworks */,
				1445BB4C1F977DEB00501FA5 /* Resources */,
				2FA79CAA030A255BB0102FE5 /* [CP] Embed Pods Frameworks */,
				854DC8504F4D01E3A3FF08EF /* [CP] Copy Pods Resources */,
			);
			buildRules = (
			);
			dependencies = (
			);
			name = EasyHealthyFood;
			productName = EasyHealthyFood;
			productReference = 1445BB4E1F977DEB00501FA5 /* EasyHealthyFood.app */;
			productType = "com.apple.product-type.application";
		};
/* End PBXNativeTarget section */

/* Begin PBXProject section */
		1445BB461F977DEB00501FA5 /* Project object */ = {
			isa = PBXProject;
			attributes = {
				LastSwiftUpdateCheck = 0900;
				LastUpgradeCheck = 0900;
				ORGANIZATIONNAME = wsq;
				TargetAttributes = {
					1445BB4D1F977DEB00501FA5 = {
						CreatedOnToolsVersion = 9.0;
						ProvisioningStyle = Automatic;
					};
				};
			};
			buildConfigurationList = 1445BB491F977DEB00501FA5 /* Build configuration list for PBXProject "EasyHealthyFood" */;
			compatibilityVersion = "Xcode 8.0";
			developmentRegion = en;
			hasScannedForEncodings = 0;
			knownRegions = (
				en,
				Base,
			);
			mainGroup = 1445BB451F977DEB00501FA5;
			productRefGroup = 1445BB4F1F977DEB00501FA5 /* Products */;
			projectDirPath = "";
			projectRoot = "";
			targets = (
				1445BB4D1F977DEB00501FA5 /* EasyHealthyFood */,
			);
		};
/* End PBXProject section */

/* Begin PBXResourcesBuildPhase section */
		1445BB4C1F977DEB00501FA5 /* Resources */ = {
			isa = PBXResourcesBuildPhase;
			buildActionMask = 2147483647;
			files = (
				1445BB5E1F977DEB00501FA5 /* LaunchScreen.storyboard in Resources */,
				1445BB5B1F977DEB00501FA5 /* Assets.xcassets in Resources */,
				1445BB591F977DEB00501FA5 /* Main.storyboard in Resources */,
			);
			runOnlyForDeploymentPostprocessing = 0;
		};
/* End PBXResourcesBuildPhase section */

/* Begin PBXShellScriptBuildPhase section */
		2FA79CAA030A255BB0102FE5 /* [CP] Embed Pods Frameworks */ = {
			isa = PBXShellScriptBuildPhase;
			buildActionMask = 2147483647;
			files = (
			);
			inputPaths = (
				"${SRCROOT}/Pods/Target Support Files/Pods-EasyHealthyFood/Pods-EasyHealthyFood-frameworks.sh",
				"${BUILT_PRODUCTS_DIR}/Charts/Charts.framework",
			);
			name = "[CP] Embed Pods Frameworks";
			outputPaths = (
				"${TARGET_BUILD_DIR}/${FRAMEWORKS_FOLDER_PATH}/Charts.framework",
			);
			runOnlyForDeploymentPostprocessing = 0;
			shellPath = /bin/sh;
			shellScript = "\"${SRCROOT}/Pods/Target Support Files/Pods-EasyHealthyFood/Pods-EasyHealthyFood-frameworks.sh\"\n";
			showEnvVarsInLog = 0;
		};
		3155633E1C5410544B8DB67D /* [CP] Check Pods Manifest.lock */ = {
			isa = PBXShellScriptBuildPhase;
			buildActionMask = 2147483647;
			files = (
			);
			inputPaths = (
				"${PODS_PODFILE_DIR_PATH}/Podfile.lock",
				"${PODS_ROOT}/Manifest.lock",
			);
			name = "[CP] Check Pods Manifest.lock";
			outputPaths = (
				"$(DERIVED_FILE_DIR)/Pods-EasyHealthyFood-checkManifestLockResult.txt",
			);
			runOnlyForDeploymentPostprocessing = 0;
			shellPath = /bin/sh;
			shellScript = "diff \"${PODS_PODFILE_DIR_PATH}/Podfile.lock\" \"${PODS_ROOT}/Manifest.lock\" > /dev/null\nif [ $? != 0 ] ; then\n    # print error to STDERR\n    echo \"error: The sandbox is not in sync with the Podfile.lock. Run 'pod install' or update your CocoaPods installation.\" >&2\n    exit 1\nfi\n# This output is used by Xcode 'outputs' to avoid re-running this script phase.\necho \"SUCCESS\" > \"${SCRIPT_OUTPUT_FILE_0}\"\n";
			showEnvVarsInLog = 0;
		};
		854DC8504F4D01E3A3FF08EF /* [CP] Copy Pods Resources */ = {
			isa = PBXShellScriptBuildPhase;
			buildActionMask = 2147483647;
			files = (
			);
			inputPaths = (
			);
			name = "[CP] Copy Pods Resources";
			outputPaths = (
			);
			runOnlyForDeploymentPostprocessing = 0;
			shellPath = /bin/sh;
			shellScript = "\"${SRCROOT}/Pods/Target Support Files/Pods-EasyHealthyFood/Pods-EasyHealthyFood-resources.sh\"\n";
			showEnvVarsInLog = 0;
		};
/* End PBXShellScriptBuildPhase section */

/* Begin PBXSourcesBuildPhase section */
		1445BB4A1F977DEB00501FA5 /* Sources */ = {
			isa = PBXSourcesBuildPhase;
			buildActionMask = 2147483647;
			files = (
				149046BB1F9AE6FE006128FC /* TodayFoodListViewController.swift in Sources */,
				1445BB671F978FD700501FA5 /* DataBrian.swift in Sources */,
				1445BB691F9857AA00501FA5 /* CameraViewController.swift in Sources */,
				1445BB561F977DEB00501FA5 /* HistoryDataViewController.swift in Sources */,
				1445BB521F977DEB00501FA5 /* AppDelegate.swift in Sources */,
				1445BB541F977DEB00501FA5 /* TodayDataViewController.swift in Sources */,
			);
			runOnlyForDeploymentPostprocessing = 0;
		};
/* End PBXSourcesBuildPhase section */

/* Begin PBXVariantGroup section */
		1445BB571F977DEB00501FA5 /* Main.storyboard */ = {
			isa = PBXVariantGroup;
			children = (
				1445BB581F977DEB00501FA5 /* Base */,
			);
			name = Main.storyboard;
			sourceTree = "<group>";
		};
		1445BB5C1F977DEB00501FA5 /* LaunchScreen.storyboard */ = {
			isa = PBXVariantGroup;
			children = (
				1445BB5D1F977DEB00501FA5 /* Base */,
			);
			name = LaunchScreen.storyboard;
			sourceTree = "<group>";
		};
/* End PBXVariantGroup section */

/* Begin XCBuildConfiguration section */
		1445BB601F977DEB00501FA5 /* Debug */ = {
			isa = XCBuildConfiguration;
			buildSettings = {
				ALWAYS_SEARCH_USER_PATHS = NO;
				CLANG_ANALYZER_NONNULL = YES;
				CLANG_ANALYZER_NUMBER_OBJECT_CONVERSION = YES_AGGRESSIVE;
				CLANG_CXX_LANGUAGE_STANDARD = "gnu++14";
				CLANG_CXX_LIBRARY = "libc++";
				CLANG_ENABLE_MODULES = YES;
				CLANG_ENABLE_OBJC_ARC = YES;
				CLANG_WARN_BLOCK_CAPTURE_AUTORELEASING = YES;
				CLANG_WARN_BOOL_CONVERSION = YES;
				CLANG_WARN_COMMA = YES;
				CLANG_WARN_CONSTANT_CONVERSION = YES;
				CLANG_WARN_DIRECT_OBJC_ISA_USAGE = YES_ERROR;
				CLANG_WARN_DOCUMENTATION_COMMENTS = YES;
				CLANG_WARN_EMPTY_BODY = YES;
				CLANG_WARN_ENUM_CONVERSION = YES;
				CLANG_WARN_INFINITE_RECURSION = YES;
				CLANG_WARN_INT_CONVERSION = YES;
				CLANG_WARN_NON_LITERAL_NULL_CONVERSION = YES;
				CLANG_WARN_OBJC_LITERAL_CONVERSION = YES;
				CLANG_WARN_OBJC_ROOT_CLASS = YES_ERROR;
				CLANG_WARN_RANGE_LOOP_ANALYSIS = YES;
				CLANG_WARN_STRICT_PROTOTYPES = YES;
				CLANG_WARN_SUSPICIOUS_MOVE = YES;
				CLANG_WARN_UNGUARDED_AVAILABILITY = YES_AGGRESSIVE;
				CLANG_WARN_UNREACHABLE_CODE = YES;
				CLANG_WARN__DUPLICATE_METHOD_MATCH = YES;
				CODE_SIGN_IDENTITY = "iPhone Developer";
				COPY_PHASE_STRIP = NO;
				DEBUG_INFORMATION_FORMAT = dwarf;
				ENABLE_STRICT_OBJC_MSGSEND = YES;
				ENABLE_TESTABILITY = YES;
				GCC_C_LANGUAGE_STANDARD = gnu11;
				GCC_DYNAMIC_NO_PIC = NO;
				GCC_NO_COMMON_BLOCKS = YES;
				GCC_OPTIMIZATION_LEVEL = 0;
				GCC_PREPROCESSOR_DEFINITIONS = (
					"DEBUG=1",
					"$(inherited)",
				);
				GCC_WARN_64_TO_32_BIT_CONVERSION = YES;
				GCC_WARN_ABOUT_RETURN_TYPE = YES_ERROR;
				GCC_WARN_UNDECLARED_SELECTOR = YES;
				GCC_WARN_UNINITIALIZED_AUTOS = YES_AGGRESSIVE;
				GCC_WARN_UNUSED_FUNCTION = YES;
				GCC_WARN_UNUSED_VARIABLE = YES;
				IPHONEOS_DEPLOYMENT_TARGET = 11.0;
				MTL_ENABLE_DEBUG_INFO = YES;
				ONLY_ACTIVE_ARCH = YES;
				SDKROOT = iphoneos;
				SWIFT_ACTIVE_COMPILATION_CONDITIONS = DEBUG;
				SWIFT_OPTIMIZATION_LEVEL = "-Onone";
			};
			name = Debug;
		};
		1445BB611F977DEB00501FA5 /* Release */ = {
			isa = XCBuildConfiguration;
			buildSettings = {
				ALWAYS_SEARCH_USER_PATHS = NO;
				CLANG_ANALYZER_NONNULL = YES;
				CLANG_ANALYZER_NUMBER_OBJECT_CONVERSION = YES_AGGRESSIVE;
				CLANG_CXX_LANGUAGE_STANDARD = "gnu++14";
				CLANG_CXX_LIBRARY = "libc++";
				CLANG_ENABLE_MODULES = YES;
				CLANG_ENABLE_OBJC_ARC = YES;
				CLANG_WARN_BLOCK_CAPTURE_AUTORELEASING = YES;
				CLANG_WARN_BOOL_CONVERSION = YES;
				CLANG_WARN_COMMA = YES;
				CLANG_WARN_CONSTANT_CONVERSION = YES;
				CLANG_WARN_DIRECT_OBJC_ISA_USAGE = YES_ERROR;
				CLANG_WARN_DOCUMENTATION_COMMENTS = YES;
				CLANG_WARN_EMPTY_BODY = YES;
				CLANG_WARN_ENUM_CONVERSION = YES;
				CLANG_WARN_INFINITE_RECURSION = YES;
				CLANG_WARN_INT_CONVERSION = YES;
				CLANG_WARN_NON_LITERAL_NULL_CONVERSION = YES;
				CLANG_WARN_OBJC_LITERAL_CONVERSION = YES;
				CLANG_WARN_OBJC_ROOT_CLASS = YES_ERROR;
				CLANG_WARN_RANGE_LOOP_ANALYSIS = YES;
				CLANG_WARN_STRICT_PROTOTYPES = YES;
				CLANG_WARN_SUSPICIOUS_MOVE = YES;
				CLANG_WARN_UNGUARDED_AVAILABILITY = YES_AGGRESSIVE;
				CLANG_WARN_UNREACHABLE_CODE = YES;
				CLANG_WARN__DUPLICATE_METHOD_MATCH = YES;
				CODE_SIGN_IDENTITY = "iPhone Developer";
				COPY_PHASE_STRIP = NO;
				DEBUG_INFORMATION_FORMAT = "dwarf-with-dsym";
				ENABLE_NS_ASSERTIONS = NO;
				ENABLE_STRICT_OBJC_MSGSEND = YES;
				GCC_C_LANGUAGE_STANDARD = gnu11;
				GCC_NO_COMMON_BLOCKS = YES;
				GCC_WARN_64_TO_32_BIT_CONVERSION = YES;
				GCC_WARN_ABOUT_RETURN_TYPE = YES_ERROR;
				GCC_WARN_UNDECLARED_SELECTOR = YES;
				GCC_WARN_UNINITIALIZED_AUTOS = YES_AGGRESSIVE;
				GCC_WARN_UNUSED_FUNCTION = YES;
				GCC_WARN_UNUSED_VARIABLE = YES;
				IPHONEOS_DEPLOYMENT_TARGET = 11.0;
				MTL_ENABLE_DEBUG_INFO = NO;
				SDKROOT = iphoneos;
				SWIFT_OPTIMIZATION_LEVEL = "-Owholemodule";
				VALIDATE_PRODUCT = YES;
			};
			name = Release;
		};
		1445BB631F977DEB00501FA5 /* Debug */ = {
			isa = XCBuildConfiguration;
			baseConfigurationReference = E9F6629F3BB0BCE65083CC8E /* Pods-EasyHealthyFood.debug.xcconfig */;
			buildSettings = {
				ASSETCATALOG_COMPILER_APPICON_NAME = AppIcon;
				CODE_SIGN_STYLE = Automatic;
				DEVELOPMENT_TEAM = 9W4FKC2WE8;
				INFOPLIST_FILE = EasyHealthyFood/Info.plist;
				LD_RUNPATH_SEARCH_PATHS = "$(inherited) @executable_path/Frameworks";
				PRODUCT_BUNDLE_IDENTIFIER = www.EasyHealthyFood;
				PRODUCT_NAME = "$(TARGET_NAME)";
				SWIFT_VERSION = 4.0;
				TARGETED_DEVICE_FAMILY = "1,2";
			};
			name = Debug;
		};
		1445BB641F977DEB00501FA5 /* Release */ = {
			isa = XCBuildConfiguration;
			baseConfigurationReference = 6A0D9A3C93BDE9A8CC976C54 /* Pods-EasyHealthyFood.release.xcconfig */;
			buildSettings = {
				ASSETCATALOG_COMPILER_APPICON_NAME = AppIcon;
				CODE_SIGN_STYLE = Automatic;
				DEVELOPMENT_TEAM = 9W4FKC2WE8;
				INFOPLIST_FILE = EasyHealthyFood/Info.plist;
				LD_RUNPATH_SEARCH_PATHS = "$(inherited) @executable_path/Frameworks";
				PRODUCT_BUNDLE_IDENTIFIER = www.EasyHealthyFood;
				PRODUCT_NAME = "$(TARGET_NAME)";
				SWIFT_VERSION = 4.0;
				TARGETED_DEVICE_FAMILY = "1,2";
			};
			name = Release;
		};
/* End XCBuildConfiguration section */

/* Begin XCConfigurationList section */
		1445BB491F977DEB00501FA5 /* Build configuration list for PBXProject "EasyHealthyFood" */ = {
			isa = XCConfigurationList;
			buildConfigurations = (
				1445BB601F977DEB00501FA5 /* Debug */,
				1445BB611F977DEB00501FA5 /* Release */,
			);
			defaultConfigurationIsVisible = 0;
			defaultConfigurationName = Release;
		};
		1445BB621F977DEB00501FA5 /* Build configuration list for PBXNativeTarget "EasyHealthyFood" */ = {
			isa = XCConfigurationList;
			buildConfigurations = (
				1445BB631F977DEB00501FA5 /* Debug */,
				1445BB641F977DEB00501FA5 /* Release */,
			);
			defaultConfigurationIsVisible = 0;
			defaultConfigurationName = Release;
		};
/* End XCConfigurationList section */
	};
	rootObject = 1445BB461F977DEB00501FA5 /* Project object */;
}
